
Microsoft Visual Studio Solution File, Format Version 12.00
# Visual Studio Version 17
VisualStudioVersion = 17.12.35527.113 d17.12
MinimumVisualStudioVersion = 10.0.40219.1
Project("{FAE04EC0-301F-11D3-BF4B-00C04F79EFBC}") = "Cau 2", "Cau 2\Cau 2.csproj", "{EE224688-9BFB-4F77-9D78-B18B1066FF53}"
EndProject
Global
	GlobalSection(SolutionConfigurationPlatforms) = preSolution
		Debug|Any CPU = Debug|Any CPU
		Release|Any CPU = Release|Any CPU
	EndGlobalSection
	GlobalSection(ProjectConfigurationPlatforms) = postSolution
		{EE224688-9BFB-4F77-9D78-B18B1066FF53}.Debug|Any CPU.ActiveCfg = Debug|Any CPU
		{EE224688-9BFB-4F77-9D78-B18B1066FF53}.Debug|Any CPU.Build.0 = Debug|Any CPU
		{EE224688-9BFB-4F77-9D78-B18B1066FF53}.Release|Any CPU.ActiveCfg = Release|Any CPU
		{EE224688-9BFB-4F77-9D78-B18B1066FF53}.Release|Any CPU.Build.0 = Release|Any CPU
	EndGlobalSection
	GlobalSection(SolutionProperties) = preSolution
		HideSolutionNode = FALSE
	EndGlobalSection
EndGlobal
